
Microsoft Visual Studio Solution File, Format Version 12.00
# Visual Studio Version 16
VisualStudioVersion = 16.0.31729.503
MinimumVisualStudioVersion = 10.0.40219.1
Project("{9A19103F-16F7-4668-BE54-9A1E7A4F7556}") = "SBAssessment.API", "SBAssessment.API\SBAssessment.API.csproj", "{04946A01-B48A-4993-B37D-7A6BB2249E7E}"
EndProject
Project("{9A19103F-16F7-4668-BE54-9A1E7A4F7556}") = "SBAssessment.Data", "SBAssessment.Data\SBAssessment.Data.csproj", "{B6DB4F84-579A-4C8A-AB4D-B96E664E1E0C}"
EndProject
Project("{FAE04EC0-301F-11D3-BF4B-00C04F79EFBC}") = "SBAssessment.GeoLocation", "SBAssessment.GeoLocation\SBAssessment.GeoLocation.csproj", "{108642F1-C248-48F9-98C7-5BE74A007A22}"
EndProject
Global
	GlobalSection(SolutionConfigurationPlatforms) = preSolution
		Debug|Any CPU = Debug|Any CPU
		Release|Any CPU = Release|Any CPU
	EndGlobalSection
	GlobalSection(ProjectConfigurationPlatforms) = postSolution
		{04946A01-B48A-4993-B37D-7A6BB2249E7E}.Debug|Any CPU.ActiveCfg = Debug|Any CPU
		{04946A01-B48A-4993-B37D-7A6BB2249E7E}.Debug|Any CPU.Build.0 = Debug|Any CPU
		{04946A01-B48A-4993-B37D-7A6BB2249E7E}.Release|Any CPU.ActiveCfg = Release|Any CPU
		{04946A01-B48A-4993-B37D-7A6BB2249E7E}.Release|Any CPU.Build.0 = Release|Any CPU
		{B6DB4F84-579A-4C8A-AB4D-B96E664E1E0C}.Debug|Any CPU.ActiveCfg = Debug|Any CPU
		{B6DB4F84-579A-4C8A-AB4D-B96E664E1E0C}.Debug|Any CPU.Build.0 = Debug|Any CPU
		{B6DB4F84-579A-4C8A-AB4D-B96E664E1E0C}.Release|Any CPU.ActiveCfg = Release|Any CPU
		{B6DB4F84-579A-4C8A-AB4D-B96E664E1E0C}.Release|Any CPU.Build.0 = Release|Any CPU
		{108642F1-C248-48F9-98C7-5BE74A007A22}.Debug|Any CPU.ActiveCfg = Debug|Any CPU
		{108642F1-C248-48F9-98C7-5BE74A007A22}.Debug|Any CPU.Build.0 = Debug|Any CPU
		{108642F1-C248-48F9-98C7-5BE74A007A22}.Release|Any CPU.ActiveCfg = Release|Any CPU
		{108642F1-C248-48F9-98C7-5BE74A007A22}.Release|Any CPU.Build.0 = Release|Any CPU
	EndGlobalSection
	GlobalSection(SolutionProperties) = preSolution
		HideSolutionNode = FALSE
	EndGlobalSection
	GlobalSection(ExtensibilityGlobals) = postSolution
		SolutionGuid = {6D76F1BB-4232-4CBF-8691-34A427AC71DB}
	EndGlobalSection
EndGlobal
